{
    "_meta": {
        "hash": {
            "sha256": "e76023514fcff7b5054625aa47dd5edec1ccd001a61aabdc158890b6c2e2ad50"
        },
        "pipfile-spec": 6,
        "requires": {
            "python_version": "3.7"
        },
        "sources": [
            {
                "name": "pypi",
                "url": "https://pypi.org/simple",
                "verify_ssl": true
            }
        ]
    },
    "default": {
        "aniso8601": {
            "hashes": [
                "sha256:7849749cf00ae0680ad2bdfe4419c7a662bef19c03691a19e008c8b9a5267802",
                "sha256:94f90871fcd314a458a3d4eca1c84448efbd200e86f55fe4c733c7a40149ef50"
            ],
            "version": "==3.0.2"
        },
        "astroid": {
            "hashes": [
                "sha256:71ea07f44df9568a75d0f354c49143a4575d90645e9fead6dfb52c26a85ed13a",
                "sha256:840947ebfa8b58f318d42301cf8c0a20fd794a33b61cc4638e28e9e61ba32f42"
            ],
            "version": "==2.3.3"
        },
        "atomicwrites": {
            "hashes": [
                "sha256:03472c30eb2c5d1ba9227e4c2ca66ab8287fbfbbda3888aa93dc2e28fc6811b4",
                "sha256:75a9445bac02d8d058d5e1fe689654ba5a6556a1dfd8ce6ec55a0ed79866cfa6"
            ],
            "version": "==1.3.0"
        },
        "attrs": {
            "hashes": [
                "sha256:08a96c641c3a74e44eb59afb61a24f2cb9f4d7188748e76ba4bb5edfa3cb7d1c",
                "sha256:f7b7ce16570fe9965acd6d30101a28f62fb4a7f9e926b3bbc9b61f8b04247e72"
            ],
            "version": "==19.3.0"
        },
        "backcall": {
            "hashes": [
                "sha256:38ecd85be2c1e78f77fd91700c76e14667dc21e2713b63876c0eb901196e01e4",
                "sha256:bbbf4b1e5cd2bdb08f915895b51081c041bac22394fdfcfdfbe9f14b77c08bf2"
            ],
            "version": "==0.1.0"
        },
        "bandit": {
            "hashes": [
                "sha256:d31a7b0819fe95d591106ba2d6c35568a513aba24db537ca71984781312a8e95",
                "sha256:e50fb4ed4ee8a98b8329385e48e606fded0999a2cb3e2acb6e7213c962ff0de1"
            ],
            "index": "pypi",
            "version": "==1.6.0"
        },
        "coverage": {
            "hashes": [
                "sha256:3684fabf6b87a369017756b551cef29e505cb155ddb892a7a29277b978da88b9",
                "sha256:39e088da9b284f1bd17c750ac672103779f7954ce6125fd4382134ac8d152d74",
                "sha256:3c205bc11cc4fcc57b761c2da73b9b72a59f8d5ca89979afb0c1c6f9e53c7390",
                "sha256:465ce53a8c0f3a7950dfb836438442f833cf6663d407f37d8c52fe7b6e56d7e8",
                "sha256:48020e343fc40f72a442c8a1334284620f81295256a6b6ca6d8aa1350c763bbe",
                "sha256:5296fc86ab612ec12394565c500b412a43b328b3907c0d14358950d06fd83baf",
                "sha256:5f61bed2f7d9b6a9ab935150a6b23d7f84b8055524e7be7715b6513f3328138e",
                "sha256:68a43a9f9f83693ce0414d17e019daee7ab3f7113a70c79a3dd4c2f704e4d741",
                "sha256:6b8033d47fe22506856fe450470ccb1d8ba1ffb8463494a15cfc96392a288c09",
                "sha256:7ad7536066b28863e5835e8cfeaa794b7fe352d99a8cded9f43d1161be8e9fbd",
                "sha256:7bacb89ccf4bedb30b277e96e4cc68cd1369ca6841bde7b005191b54d3dd1034",
                "sha256:839dc7c36501254e14331bcb98b27002aa415e4af7ea039d9009409b9d2d5420",
                "sha256:8f9a95b66969cdea53ec992ecea5406c5bd99c9221f539bca1e8406b200ae98c",
                "sha256:932c03d2d565f75961ba1d3cec41ddde00e162c5b46d03f7423edcb807734eab",
                "sha256:988529edadc49039d205e0aa6ce049c5ccda4acb2d6c3c5c550c17e8c02c05ba",
                "sha256:998d7e73548fe395eeb294495a04d38942edb66d1fa61eb70418871bc621227e",
                "sha256:9de60893fb447d1e797f6bf08fdf0dbcda0c1e34c1b06c92bd3a363c0ea8c609",
                "sha256:9e80d45d0c7fcee54e22771db7f1b0b126fb4a6c0a2e5afa72f66827207ff2f2",
                "sha256:a545a3dfe5082dc8e8c3eb7f8a2cf4f2870902ff1860bd99b6198cfd1f9d1f49",
                "sha256:a5d8f29e5ec661143621a8f4de51adfb300d7a476224156a39a392254f70687b",
                "sha256:aca06bfba4759bbdb09bf52ebb15ae20268ee1f6747417837926fae990ebc41d",
                "sha256:bb23b7a6fd666e551a3094ab896a57809e010059540ad20acbeec03a154224ce",
                "sha256:bfd1d0ae7e292105f29d7deaa9d8f2916ed8553ab9d5f39ec65bcf5deadff3f9",
                "sha256:c62ca0a38958f541a73cf86acdab020c2091631c137bd359c4f5bddde7b75fd4",
                "sha256:c709d8bda72cf4cd348ccec2a4881f2c5848fd72903c185f363d361b2737f773",
                "sha256:c968a6aa7e0b56ecbd28531ddf439c2ec103610d3e2bf3b75b813304f8cb7723",
                "sha256:df785d8cb80539d0b55fd47183264b7002077859028dfe3070cf6359bf8b2d9c",
                "sha256:f406628ca51e0ae90ae76ea8398677a921b36f0bd71aab2099dfed08abd0322f",
                "sha256:f46087bbd95ebae244a0eda01a618aff11ec7a069b15a3ef8f6b520db523dcf1",
                "sha256:f8019c5279eb32360ca03e9fac40a12667715546eed5c5eb59eb381f2f501260",
                "sha256:fc5f4d209733750afd2714e9109816a29500718b32dd9a5db01c0cb3a019b96a"
            ],
            "index": "pypi",
            "version": "==4.5.3"
        },
        "decorator": {
            "hashes": [
                "sha256:54c38050039232e1db4ad7375cfce6748d7b41c29e95a081c8a6d2c30364a2ce",
                "sha256:5d19b92a3c8f7f101c8dd86afd86b0f061a8ce4540ab8cd401fa2542756bce6d"
            ],
            "version": "==4.4.1"
        },
        "django": {
            "hashes": [
                "sha256:a4ad4f6f9c6a4b7af7e2deec8d0cbff28501852e5010d6c2dc695d3d1fae7ca0",
                "sha256:fa98ec9cc9bf5d72a08ebf3654a9452e761fbb8566e3f80de199cbc15477e891"
            ],
            "index": "pypi",
            "version": "==2.2.8"
        },
        "django-choices": {
            "hashes": [
                "sha256:3c0f36b96cf7f7b5fd7c06160c72eb97ad1a27365d4425ef5042049a185cffdf",
                "sha256:6392edc3ca93569aee4372068279599ebbcde1599b5358f644e6c41bc8e099b5"
            ],
            "index": "pypi",
            "version": "==1.7.0"
        },
        "django-environ": {
            "hashes": [
                "sha256:6c9d87660142608f63ec7d5ce5564c49b603ea8ff25da595fd6098f6dc82afde",
                "sha256:c57b3c11ec1f319d9474e3e5a79134f40174b17c7cc024bbb2fad84646b120c4"
            ],
            "index": "pypi",
            "version": "==0.4.5"
        },
        "django-extensions": {
            "hashes": [
                "sha256:6766c573ffe63693cd485512a02f3b59622c884cbfeca241d1278ffdf0ac39ae",
                "sha256:c43e46cc95985c278afda645480b79f9a85cfe5a82c957accd08b8045793b707"
            ],
            "index": "pypi",
            "version": "==2.1.7"
        },
        "entrypoints": {
            "hashes": [
                "sha256:589f874b313739ad35be6e0cd7efde2a4e9b6fea91edcc34e58ecbb8dbe56d19",
                "sha256:c70dd71abe5a8c85e55e12c19bd91ccfeec11a6e99044204511f9ed547d48451"
            ],
            "version": "==0.3"
        },
        "factory-boy": {
            "hashes": [
                "sha256:728df59b372c9588b83153facf26d3d28947fc750e8e3c95cefa9bed0e6394ee",
                "sha256:faf48d608a1735f0d0a3c9cbf536d64f9132b547dae7ba452c4d99a79e84a370"
            ],
            "version": "==2.12.0"
        },
        "faker": {
            "hashes": [
                "sha256:1c0a5e7bb54d2c54569986a27124715c83899e592d8d61d4e372dbff6c699573",
                "sha256:60477f757a80f665bbe1fb3d1cfe5d205ec7b99d5240114de7b27b4c25d236ca"
            ],
            "index": "pypi",
            "version": "==1.0.7"
        },
        "flake8": {
            "hashes": [
                "sha256:859996073f341f2670741b51ec1e67a01da142831aa1fdc6242dbf88dffbe661",
                "sha256:a796a115208f5c03b18f332f7c11729812c8c3ded6c46319c59b53efd3819da8"
            ],
            "index": "pypi",
            "version": "==3.7.7"
        },
        "gitdb2": {
            "hashes": [
                "sha256:1b6df1433567a51a4a9c1a5a0de977aa351a405cc56d7d35f3388bad1f630350",
                "sha256:96bbb507d765a7f51eb802554a9cfe194a174582f772e0d89f4e87288c288b7b"
            ],
            "version": "==2.0.6"
        },
        "gitpython": {
            "hashes": [
                "sha256:9c2398ffc3dcb3c40b27324b316f08a4f93ad646d5a6328cafbb871aa79f5e42",
                "sha256:c155c6a2653593ccb300462f6ef533583a913e17857cfef8fc617c246b6dc245"
            ],
            "version": "==3.0.5"
        },
        "graphene": {
            "hashes": [
                "sha256:b8ec446d17fa68721636eaad3d6adc1a378cb6323e219814c8f98c9928fc9642",
                "sha256:faa26573b598b22ffd274e2fd7a4c52efa405dcca96e01a62239482246248aa3"
            ],
            "index": "pypi",
            "version": "==2.1.3"
        },
        "graphene-django": {
            "hashes": [
                "sha256:3afd81d47c8b702650e05cc1179fac1cfceae991d241bb164d51f28bed9ec95c",
                "sha256:760a18068feb5457e2ec00d2447c09b2fbac2a6b8c32cc8be2abce3752107ad3"
            ],
            "index": "pypi",
            "version": "==2.2.0"
        },
        "graphql-core": {
            "hashes": [
                "sha256:1488f2a5c2272dc9ba66e3042a6d1c30cea0db4c80bd1e911c6791ad6187d91b",
                "sha256:da64c472d720da4537a2e8de8ba859210b62841bd47a9be65ca35177f62fe0e4"
            ],
            "version": "==2.2.1"
        },
        "graphql-relay": {
            "hashes": [
                "sha256:2716b7245d97091af21abf096fabafac576905096d21ba7118fba722596f65db"
            ],
            "version": "==0.4.5"
        },
        "importlib-metadata": {
            "hashes": [
                "sha256:b044f07694ef14a6683b097ba56bd081dbc7cdc7c7fe46011e499dfecc082f21",
                "sha256:e6ac600a142cf2db707b1998382cc7fc3b02befb7273876e01b8ad10b9652742"
            ],
            "markers": "python_version < '3.8'",
            "version": "==1.1.0"
        },
        "inflection": {
            "hashes": [
                "sha256:18ea7fb7a7d152853386523def08736aa8c32636b047ade55f7578c4edeb16ca"
            ],
            "version": "==0.3.1"
        },
        "ipython": {
            "hashes": [
                "sha256:54c5a8aa1eadd269ac210b96923688ccf01ebb2d0f21c18c3c717909583579a8",
                "sha256:e840810029224b56cd0d9e7719dc3b39cf84d577f8ac686547c8ba7a06eeab26"
            ],
            "index": "pypi",
            "version": "==7.5.0"
        },
        "ipython-genutils": {
            "hashes": [
                "sha256:72dd37233799e619666c9f639a9da83c34013a73e8bbc79a7a6348d93c61fab8",
                "sha256:eb2e116e75ecef9d4d228fdc66af54269afa26ab4463042e33785b887c628ba8"
            ],
            "version": "==0.2.0"
        },
        "isort": {
            "hashes": [
                "sha256:c40744b6bc5162bbb39c1257fe298b7a393861d50978b565f3ccd9cb9de0182a",
                "sha256:f57abacd059dc3bd666258d1efb0377510a89777fda3e3274e3c01f7c03ae22d"
            ],
            "index": "pypi",
            "version": "==4.3.20"
        },
        "jedi": {
            "hashes": [
                "sha256:786b6c3d80e2f06fd77162a07fed81b8baa22dde5d62896a790a331d6ac21a27",
                "sha256:ba859c74fa3c966a22f2aeebe1b74ee27e2a462f56d3f5f7ca4a59af61bfe42e"
            ],
            "version": "==0.15.1"
        },
        "lazy-object-proxy": {
            "hashes": [
                "sha256:0c4b206227a8097f05c4dbdd323c50edf81f15db3b8dc064d08c62d37e1a504d",
                "sha256:194d092e6f246b906e8f70884e620e459fc54db3259e60cf69a4d66c3fda3449",
                "sha256:1be7e4c9f96948003609aa6c974ae59830a6baecc5376c25c92d7d697e684c08",
                "sha256:4677f594e474c91da97f489fea5b7daa17b5517190899cf213697e48d3902f5a",
                "sha256:48dab84ebd4831077b150572aec802f303117c8cc5c871e182447281ebf3ac50",
                "sha256:5541cada25cd173702dbd99f8e22434105456314462326f06dba3e180f203dfd",
                "sha256:59f79fef100b09564bc2df42ea2d8d21a64fdcda64979c0fa3db7bdaabaf6239",
                "sha256:8d859b89baf8ef7f8bc6b00aa20316483d67f0b1cbf422f5b4dc56701c8f2ffb",
                "sha256:9254f4358b9b541e3441b007a0ea0764b9d056afdeafc1a5569eee1cc6c1b9ea",
                "sha256:9651375199045a358eb6741df3e02a651e0330be090b3bc79f6d0de31a80ec3e",
                "sha256:97bb5884f6f1cdce0099f86b907aa41c970c3c672ac8b9c8352789e103cf3156",
                "sha256:9b15f3f4c0f35727d3a0fba4b770b3c4ebbb1fa907dbcc046a1d2799f3edd142",
                "sha256:a2238e9d1bb71a56cd710611a1614d1194dc10a175c1e08d75e1a7bcc250d442",
                "sha256:a6ae12d08c0bf9909ce12385803a543bfe99b95fe01e752536a60af2b7797c62",
                "sha256:ca0a928a3ddbc5725be2dd1cf895ec0a254798915fb3a36af0964a0a4149e3db",
                "sha256:cb2c7c57005a6804ab66f106ceb8482da55f5314b7fcb06551db1edae4ad1531",
                "sha256:d74bb8693bf9cf75ac3b47a54d716bbb1a92648d5f781fc799347cfc95952383",
                "sha256:d945239a5639b3ff35b70a88c5f2f491913eb94871780ebfabb2568bd58afc5a",
                "sha256:eba7011090323c1dadf18b3b689845fd96a61ba0a1dfbd7f24b921398affc357",
                "sha256:efa1909120ce98bbb3777e8b6f92237f5d5c8ea6758efea36a473e1d38f7d3e4",
                "sha256:f3900e8a5de27447acbf900b4750b0ddfd7ec1ea7fbaf11dfa911141bc522af0"
            ],
            "version": "==1.4.3"
        },
        "mccabe": {
            "hashes": [
                "sha256:ab8a6258860da4b6677da4bd2fe5dc2c659cff31b3ee4f7f5d64e79735b80d42",
                "sha256:dd8d182285a0fe56bace7f45b5e7d1a6ebcbf524e8f3bd87eb0f125271b8831f"
            ],
            "version": "==0.6.1"
        },
        "more-itertools": {
            "hashes": [
                "sha256:53ff73f186307d9c8ef17a9600309154a6ae27f25579e80af4db8f047ba14bc2",
                "sha256:a0ea684c39bc4315ba7aae406596ef191fd84f873d2d2751f84d64e81a7a2d45"
            ],
            "markers": "python_version > '2.7'",
            "version": "==8.0.0"
        },
        "parso": {
            "hashes": [
                "sha256:63854233e1fadb5da97f2744b6b24346d2750b85965e7e399bec1620232797dc",
                "sha256:666b0ee4a7a1220f65d367617f2cd3ffddff3e205f3f16a0284df30e774c2a9c"
            ],
            "version": "==0.5.1"
        },
        "pbr": {
            "hashes": [
                "sha256:139d2625547dbfa5fb0b81daebb39601c478c21956dc57e2e07b74450a8c506b",
                "sha256:61aa52a0f18b71c5cc58232d2cf8f8d09cd67fcad60b742a60124cb8d6951488"
            ],
            "version": "==5.4.4"
        },
        "pexpect": {
            "hashes": [
                "sha256:2094eefdfcf37a1fdbfb9aa090862c1a4878e5c7e0e7e7088bdb511c558e5cd1",
                "sha256:9e2c1fd0e6ee3a49b28f95d4b33bc389c89b20af6a1255906e90ff1262ce62eb"
            ],
            "markers": "sys_platform != 'win32'",
            "version": "==4.7.0"
        },
        "pickleshare": {
            "hashes": [
                "sha256:87683d47965c1da65cdacaf31c8441d12b8044cdec9aca500cd78fc2c683afca",
                "sha256:9649af414d74d4df115d5d718f82acb59c9d418196b7b4290ed47a12ce62df56"
            ],
            "version": "==0.7.5"
        },
        "pillow": {
            "hashes": [
                "sha256:15c056bfa284c30a7f265a41ac4cbbc93bdbfc0dfe0613b9cb8a8581b51a9e55",
                "sha256:1a4e06ba4f74494ea0c58c24de2bb752818e9d504474ec95b0aa94f6b0a7e479",
                "sha256:1c3c707c76be43c9e99cb7e3d5f1bee1c8e5be8b8a2a5eeee665efbf8ddde91a",
                "sha256:1fd0b290203e3b0882d9605d807b03c0f47e3440f97824586c173eca0aadd99d",
                "sha256:24114e4a6e1870c5a24b1da8f60d0ba77a0b4027907860188ea82bd3508c80eb",
                "sha256:258d886a49b6b058cd7abb0ab4b2b85ce78669a857398e83e8b8e28b317b5abb",
                "sha256:33c79b6dd6bc7f65079ab9ca5bebffb5f5d1141c689c9c6a7855776d1b09b7e8",
                "sha256:367385fc797b2c31564c427430c7a8630db1a00bd040555dfc1d5c52e39fcd72",
                "sha256:3c1884ff078fb8bf5f63d7d86921838b82ed4a7d0c027add773c2f38b3168754",
                "sha256:44e5240e8f4f8861d748f2a58b3f04daadab5e22bfec896bf5434745f788f33f",
                "sha256:46aa988e15f3ea72dddd81afe3839437b755fffddb5e173886f11460be909dce",
                "sha256:74d90d499c9c736d52dd6d9b7221af5665b9c04f1767e35f5dd8694324bd4601",
                "sha256:809c0a2ce9032cbcd7b5313f71af4bdc5c8c771cb86eb7559afd954cab82ebb5",
                "sha256:85d1ef2cdafd5507c4221d201aaf62fc9276f8b0f71bd3933363e62a33abc734",
                "sha256:8c3889c7681af77ecfa4431cd42a2885d093ecb811e81fbe5e203abc07e0995b",
                "sha256:9218d81b9fca98d2c47d35d688a0cea0c42fd473159dfd5612dcb0483c63e40b",
                "sha256:9aa4f3827992288edd37c9df345783a69ef58bd20cc02e64b36e44bcd157bbf1",
                "sha256:9d80f44137a70b6f84c750d11019a3419f409c944526a95219bea0ac31f4dd91",
                "sha256:b7ebd36128a2fe93991293f997e44be9286503c7530ace6a55b938b20be288d8",
                "sha256:c4c78e2c71c257c136cdd43869fd3d5e34fc2162dc22e4a5406b0ebe86958239",
                "sha256:c6a842537f887be1fe115d8abb5daa9bc8cc124e455ff995830cc785624a97af",
                "sha256:cf0a2e040fdf5a6d95f4c286c6ef1df6b36c218b528c8a9158ec2452a804b9b8",
                "sha256:cfd28aad6fc61f7a5d4ee556a997dc6e5555d9381d1390c00ecaf984d57e4232",
                "sha256:dca5660e25932771460d4688ccbb515677caaf8595f3f3240ec16c117deff89a",
                "sha256:de7aedc85918c2f887886442e50f52c1b93545606317956d65f342bd81cb4fc3",
                "sha256:e6c0bbf8e277b74196e3140c35f9a1ae3eafd818f7f2d3a15819c49135d6c062"
            ],
            "index": "pypi",
            "version": "==6.0.0"
        },
        "pluggy": {
            "hashes": [
                "sha256:15b2acde666561e1298d71b523007ed7364de07029219b604cf808bfa1c765b0",
                "sha256:966c145cd83c96502c3c3868f50408687b38434af77734af1e9ca461a4081d2d"
            ],
            "version": "==0.13.1"
        },
        "promise": {
            "hashes": [
                "sha256:2ebbfc10b7abf6354403ed785fe4f04b9dfd421eb1a474ac8d187022228332af",
                "sha256:348f5f6c3edd4fd47c9cd65aed03ac1b31136d375aa63871a57d3e444c85655c"
            ],
            "version": "==2.2.1"
        },
        "prompt-toolkit": {
            "hashes": [
                "sha256:46642344ce457641f28fc9d1c9ca939b63dadf8df128b86f1b9860e59c73a5e4",
                "sha256:e7f8af9e3d70f514373bf41aa51bc33af12a6db3f71461ea47fea985defb2c31",
                "sha256:f15af68f66e664eaa559d4ac8a928111eebd5feda0c11738b5998045224829db"
            ],
            "version": "==2.0.10"
        },
        "psycopg2": {
            "hashes": [
                "sha256:00cfecb3f3db6eb76dcc763e71777da56d12b6d61db6a2c6ccbbb0bff5421f8f",
                "sha256:076501fc24ae13b2609ba2303d88d4db79072562f0b8cc87ec1667dedff99dc1",
                "sha256:4e2b34e4c0ddfeddf770d7df93e269700b080a4d2ec514fec668d71895f56782",
                "sha256:5cacf21b6f813c239f100ef78a4132056f93a5940219ec25d2ef833cbeb05588",
                "sha256:61f58e9ecb9e4dc7e30be56b562f8fc10ae3addcfcef51b588eed10a5a66100d",
                "sha256:8954ff6e47247bdd134db602fcadfc21662835bd92ce0760f3842eacfeb6e0f3",
                "sha256:b6e8c854cdc623028e558a409b06ea2f16d13438335941c7765d0a42b5bedd33",
                "sha256:baca21c0f7344576346e260454d0007313ccca8c170684707a63946b27a56c8f",
                "sha256:bb1735378770fb95dbe392d29e71405d45c8bdcfa064f916504833a92ab03c55",
                "sha256:de3d3c46c1ee18f996db42d1eb44cf1565cc9e38fb1dbd9b773ff6b3fa8035d7",
                "sha256:dee885602bb200bdcb1d30f6da6c7bb207360bc786d0a364fe1540dd14af0bab"
            ],
            "index": "pypi",
            "version": "==2.8.2"
        },
        "ptyprocess": {
            "hashes": [
                "sha256:923f299cc5ad920c68f2bc0bc98b75b9f838b93b599941a6b63ddbc2476394c0",
                "sha256:d7cc528d76e76342423ca640335bd3633420dc1366f258cb31d05e865ef5ca1f"
            ],
            "version": "==0.6.0"
        },
        "py": {
            "hashes": [
                "sha256:64f65755aee5b381cea27766a3a147c3f15b9b6b9ac88676de66ba2ae36793fa",
                "sha256:dc639b046a6e2cff5bbe40194ad65936d6ba360b52b3c3fe1d08a82dd50b5e53"
            ],
            "version": "==1.8.0"
        },
        "pycodestyle": {
            "hashes": [
                "sha256:95a2219d12372f05704562a14ec30bc76b05a5b297b21a5dfe3f6fac3491ae56",
                "sha256:e40a936c9a450ad81df37f549d676d127b1b66000a6c500caa2b085bc0ca976c"
            ],
            "version": "==2.5.0"
        },
        "pyflakes": {
            "hashes": [
                "sha256:17dbeb2e3f4d772725c777fabc446d5634d1038f234e77343108ce445ea69ce0",
                "sha256:d976835886f8c5b31d47970ed689944a0262b5f3afa00a5a7b4dc81e5449f8a2"
            ],
            "version": "==2.1.1"
        },
        "pygments": {
            "hashes": [
                "sha256:2a3fe295e54a20164a9df49c75fa58526d3be48e14aceba6d6b1e8ac0bfd6f1b",
                "sha256:98c8aa5a9f778fcd1026a17361ddaf7330d1b7c62ae97c3bb0ae73e0b9b6b0fe"
            ],
            "version": "==2.5.2"
        },
        "pylint": {
            "hashes": [
                "sha256:5d77031694a5fb97ea95e828c8d10fc770a1df6eb3906067aaed42201a8a6a09",
                "sha256:723e3db49555abaf9bf79dc474c6b9e2935ad82230b10c1138a71ea41ac0fff1"
            ],
            "index": "pypi",
            "version": "==2.3.1"
        },
        "pytest": {
            "hashes": [
                "sha256:1a8aa4fa958f8f451ac5441f3ac130d9fc86ea38780dd2715e6d5c5882700b24",
                "sha256:b8bf138592384bd4e87338cb0f256bf5f615398a649d4bd83915f0e4047a5ca6"
            ],
            "index": "pypi",
            "version": "==4.5.0"
        },
        "pytest-cov": {
            "hashes": [
                "sha256:2b097cde81a302e1047331b48cadacf23577e431b61e9c6f49a1170bbe3d3da6",
                "sha256:e00ea4fdde970725482f1f35630d12f074e121a23801aabf2ae154ec6bdd343a"
            ],
            "index": "pypi",
            "version": "==2.7.1"
        },
        "pytest-django": {
            "hashes": [
                "sha256:30d773f1768e8f214a3106f1090e00300ce6edfcac8c55fd13b675fe1cbd1c85",
                "sha256:4d3283e774fe1d40630ee58bf34929b83875e4751b525eeb07a7506996eb42ee"
            ],
            "index": "pypi",
            "version": "==3.4.8"
        },
        "pytest-factoryboy": {
            "hashes": [
                "sha256:b1bdb7da9078eb84a6cb9b7b93dda9cfb575488df04f91b1ab4d20a1dfce8faf"
            ],
            "index": "pypi",
            "version": "==2.0.2"
        },
        "python-dateutil": {
            "hashes": [
                "sha256:73ebfe9dbf22e832286dafa60473e4cd239f8592f699aa5adaf10050e6e1823c",
                "sha256:75bb3f31ea686f1197762692a9ee6a7550b59fc6ca3a1f4b5d7e32fb98e2da2a"
            ],
            "version": "==2.8.1"
        },
        "pytz": {
            "hashes": [
                "sha256:1c557d7d0e871de1f5ccd5833f60fb2550652da6be2693c1e02300743d21500d",
                "sha256:b02c06db6cf09c12dd25137e563b31700d3b80fcc4ad23abb7a315f2789819be"
            ],
            "version": "==2019.3"
        },
        "pyyaml": {
            "hashes": [
                "sha256:0e7f69397d53155e55d10ff68fdfb2cf630a35e6daf65cf0bdeaf04f127c09dc",
                "sha256:2e9f0b7c5914367b0916c3c104a024bb68f269a486b9d04a2e8ac6f6597b7803",
                "sha256:35ace9b4147848cafac3db142795ee42deebe9d0dad885ce643928e88daebdcc",
                "sha256:38a4f0d114101c58c0f3a88aeaa44d63efd588845c5a2df5290b73db8f246d15",
                "sha256:483eb6a33b671408c8529106df3707270bfacb2447bf8ad856a4b4f57f6e3075",
                "sha256:4b6be5edb9f6bb73680f5bf4ee08ff25416d1400fbd4535fe0069b2994da07cd",
                "sha256:7f38e35c00e160db592091751d385cd7b3046d6d51f578b29943225178257b31",
                "sha256:8100c896ecb361794d8bfdb9c11fce618c7cf83d624d73d5ab38aef3bc82d43f",
                "sha256:c0ee8eca2c582d29c3c2ec6e2c4f703d1b7f1fb10bc72317355a746057e7346c",
                "sha256:e4c015484ff0ff197564917b4b4246ca03f411b9bd7f16e02a2f586eb48b6d04",
                "sha256:ebc4ed52dcc93eeebeae5cf5deb2ae4347b3a81c3fa12b0b8c976544829396a4"
            ],
            "version": "==5.2"
        },
        "rx": {
            "hashes": [
                "sha256:13a1d8d9e252625c173dc795471e614eadfe1cf40ffc684e08b8fff0d9748c23",
                "sha256:7357592bc7e881a95e0c2013b73326f704953301ab551fbc8133a6fadab84105"
            ],
            "version": "==1.6.1"
        },
        "singledispatch": {
            "hashes": [
                "sha256:5b06af87df13818d14f08a028e42f566640aef80805c3b50c5056b086e3c2b9c",
                "sha256:833b46966687b3de7f438c761ac475213e53b306740f1abfaa86e1d1aae56aa8"
            ],
            "version": "==3.4.0.3"
        },
        "six": {
            "hashes": [
                "sha256:1f1b7d42e254082a9db6279deae68afb421ceba6158efa6131de7b3003ee93fd",
                "sha256:30f610279e8b2578cab6db20741130331735c781b56053c59c4076da27f06b66"
            ],
            "version": "==1.13.0"
        },
        "smmap2": {
            "hashes": [
                "sha256:0555a7bf4df71d1ef4218e4807bbf9b201f910174e6e08af2e138d4e517b4dde",
                "sha256:29a9ffa0497e7f2be94ca0ed1ca1aa3cd4cf25a1f6b4f5f87f74b46ed91d609a"
            ],
            "version": "==2.0.5"
        },
        "sqlparse": {
            "hashes": [
                "sha256:40afe6b8d4b1117e7dff5504d7a8ce07d9a1b15aeeade8a2d10f130a834f8177",
                "sha256:7c3dca29c022744e95b547e867cee89f4fce4373f3549ccd8797d8eb52cdb873"
            ],
            "version": "==0.3.0"
        },
        "stevedore": {
            "hashes": [
                "sha256:01d9f4beecf0fbd070ddb18e5efb10567801ba7ef3ddab0074f54e3cd4e91730",
                "sha256:e0739f9739a681c7a1fda76a102b65295e96a144ccdb552f2ae03c5f0abe8a14"
            ],
            "version": "==1.31.0"
        },
        "text-unidecode": {
            "hashes": [
                "sha256:5a1375bb2ba7968740508ae38d92e1f889a0832913cb1c447d5e2046061a396d",
                "sha256:801e38bd550b943563660a91de8d4b6fa5df60a542be9093f7abf819f86050cc"
            ],
            "version": "==1.2"
        },
        "traitlets": {
            "hashes": [
                "sha256:70b4c6a1d9019d7b4f6846832288f86998aa3b9207c6821f3578a6a6a467fe44",
                "sha256:d023ee369ddd2763310e4c3eae1ff649689440d4ae59d7485eb4cfbbe3e359f7"
            ],
            "version": "==4.3.3"
        },
        "typed-ast": {
            "hashes": [
                "sha256:1170afa46a3799e18b4c977777ce137bb53c7485379d9706af8a59f2ea1aa161",
                "sha256:18511a0b3e7922276346bcb47e2ef9f38fb90fd31cb9223eed42c85d1312344e",
                "sha256:262c247a82d005e43b5b7f69aff746370538e176131c32dda9cb0f324d27141e",
                "sha256:2b907eb046d049bcd9892e3076c7a6456c93a25bebfe554e931620c90e6a25b0",
                "sha256:354c16e5babd09f5cb0ee000d54cfa38401d8b8891eefa878ac772f827181a3c",
                "sha256:48e5b1e71f25cfdef98b013263a88d7145879fbb2d5185f2a0c79fa7ebbeae47",
                "sha256:4e0b70c6fc4d010f8107726af5fd37921b666f5b31d9331f0bd24ad9a088e631",
                "sha256:630968c5cdee51a11c05a30453f8cd65e0cc1d2ad0d9192819df9978984529f4",
                "sha256:66480f95b8167c9c5c5c87f32cf437d585937970f3fc24386f313a4c97b44e34",
                "sha256:71211d26ffd12d63a83e079ff258ac9d56a1376a25bc80b1cdcdf601b855b90b",
                "sha256:7954560051331d003b4e2b3eb822d9dd2e376fa4f6d98fee32f452f52dd6ebb2",
                "sha256:838997f4310012cf2e1ad3803bce2f3402e9ffb71ded61b5ee22617b3a7f6b6e",
                "sha256:95bd11af7eafc16e829af2d3df510cecfd4387f6453355188342c3e79a2ec87a",
                "sha256:bc6c7d3fa1325a0c6613512a093bc2a2a15aeec350451cbdf9e1d4bffe3e3233",
                "sha256:cc34a6f5b426748a507dd5d1de4c1978f2eb5626d51326e43280941206c209e1",
                "sha256:d755f03c1e4a51e9b24d899561fec4ccaf51f210d52abdf8c07ee2849b212a36",
                "sha256:d7c45933b1bdfaf9f36c579671fec15d25b06c8398f113dab64c18ed1adda01d",
                "sha256:d896919306dd0aa22d0132f62a1b78d11aaf4c9fc5b3410d3c666b818191630a",
                "sha256:fdc1c9bbf79510b76408840e009ed65958feba92a88833cdceecff93ae8fff66",
                "sha256:ffde2fbfad571af120fcbfbbc61c72469e72f550d676c3342492a9dfdefb8f12"
            ],
            "markers": "implementation_name == 'cpython' and python_version < '3.8'",
            "version": "==1.4.0"
        },
        "wcwidth": {
            "hashes": [
                "sha256:3df37372226d6e63e1b1e1eda15c594bca98a22d33a23832a90998faa96bc65e",
                "sha256:f4ebe71925af7b40a864553f761ed559b43544f8f71746c2d756c7fe788ade7c"
            ],
            "version": "==0.1.7"
        },
        "wrapt": {
            "hashes": [
                "sha256:565a021fd19419476b9362b05eeaa094178de64f8361e44468f9e9d7843901e1"
            ],
            "version": "==1.11.2"
        },
        "zipp": {
            "hashes": [
                "sha256:3718b1cbcd963c7d4c5511a8240812904164b7f381b647143a89d3b98f9bcd8e",
                "sha256:f06903e9f1f43b12d371004b4ac7b06ab39a44adc747266928ae6debfa7b3335"
            ],
            "version": "==0.6.0"
        }
    },
    "develop": {}
}
